
Microsoft Visual Studio Solution File, Format Version 12.00
Project("{FAE04EC0-301F-11D3-BF4B-00C04F79EFBC}") = "mjm.nethelpers", "mjm.nethelpers\mjm.nethelpers.csproj", "{3B159D67-3042-4C7F-AE57-9676AE0B1AF6}"
EndProject
Project("{FAE04EC0-301F-11D3-BF4B-00C04F79EFBC}") = "mjm.nethelpers.tests", "mjm.nethelpers.tests\mjm.nethelpers.tests.csproj", "{445F28AA-E39F-4C42-ACAA-C47CDEA2568A}"
EndProject
Global
	GlobalSection(SolutionConfigurationPlatforms) = preSolution
		Debug|Any CPU = Debug|Any CPU
		Release|Any CPU = Release|Any CPU
	EndGlobalSection
	GlobalSection(ProjectConfigurationPlatforms) = postSolution
		{3B159D67-3042-4C7F-AE57-9676AE0B1AF6}.Debug|Any CPU.ActiveCfg = Debug|Any CPU
		{3B159D67-3042-4C7F-AE57-9676AE0B1AF6}.Debug|Any CPU.Build.0 = Debug|Any CPU
		{3B159D67-3042-4C7F-AE57-9676AE0B1AF6}.Release|Any CPU.ActiveCfg = Release|Any CPU
		{3B159D67-3042-4C7F-AE57-9676AE0B1AF6}.Release|Any CPU.Build.0 = Release|Any CPU
		{445F28AA-E39F-4C42-ACAA-C47CDEA2568A}.Debug|Any CPU.ActiveCfg = Debug|Any CPU
		{445F28AA-E39F-4C42-ACAA-C47CDEA2568A}.Debug|Any CPU.Build.0 = Debug|Any CPU
		{445F28AA-E39F-4C42-ACAA-C47CDEA2568A}.Release|Any CPU.ActiveCfg = Release|Any CPU
		{445F28AA-E39F-4C42-ACAA-C47CDEA2568A}.Release|Any CPU.Build.0 = Release|Any CPU
	EndGlobalSection
EndGlobal
